PODS:
  - Alamofire (5.5.0)
  - Differentiator (4.0.1)
  - RxCocoa (5.0.0):
    - RxRelay (~> 5)
    - RxSwift (~> 5)
  - RxDataSources (4.0.1):
    - Differentiator (~> 4.0)
    - RxCocoa (~> 5.0)
    - RxSwift (~> 5.0)
  - RxGesture (3.0.1):
    - RxCocoa (~> 5.0)
    - RxSwift (~> 5.0)
  - RxRelay (5.1.3):
    - RxSwift (~> 5)
  - RxSwift (5.0.0)
  - SDWebImage (5.0.6):
    - SDWebImage/Core (= 5.0.6)
  - SDWebImage/Core (5.0.6)
  - TraktKit (1.0.8)

DEPENDENCIES:
  - Alamofire
  - RxCocoa (= 5.0.0)
  - RxDataSources (= 4.0.1)
  - RxGesture
  - RxSwift (= 5.0.0)
  - SDWebImage (= 5.0.6)
  - TraktKit (= 1.0.8)

SPEC REPOS:
  trunk:
    - Alamofire
    - Differentiator
    - RxCocoa
    - RxDataSources
    - RxGesture
    - RxRelay
    - RxSwift
    - SDWebImage
    - TraktKit

SPEC CHECKSUMS:
  Alamofire: 1c4fb5369c3fe93d2857c780d8bbe09f06f97e7c
  Differentiator: 886080237d9f87f322641dedbc5be257061b0602
  RxCocoa: fcf32050ac00d801f34a7f71d5e8e7f23026dcd8
  RxDataSources: efee07fa4de48477eca0a4611e6d11e2da9c1114
  RxGesture: a3f8dd6adf078110ed5e1c9c30d09d705a09852e
  RxRelay: 5a18c2eb2d68326ebaf0112f80d837ae41b92b97
  RxSwift: 8b0671caa829a763bbce7271095859121cbd895f
  SDWebImage: 920f1a2ff1ca8296ad34f6e0510a1ef1d70ac965
  TraktKit: 49d44fe802beec87f2575c040842fd524bad60ed

PODFILE CHECKSUM: 1b6535a0fc10d42fdc1fcebdcfeb2970f17e9c69

COCOAPODS: 1.11.2
